
Microsoft Visual Studio Solution File, Format Version 12.00
# Visual Studio Version 16
VisualStudioVersion = 16.0.31313.79
MinimumVisualStudioVersion = 10.0.40219.1
Project("{FAE04EC0-301F-11D3-BF4B-00C04F79EFBC}") = "task3_test", "task3_test\task3_test.csproj", "{0FABDD21-6D26-45B9-AD54-FD314926E11A}"
EndProject
Global
	GlobalSection(SolutionConfigurationPlatforms) = preSolution
		Debug|Any CPU = Debug|Any CPU
		Release|Any CPU = Release|Any CPU
	EndGlobalSection
	GlobalSection(ProjectConfigurationPlatforms) = postSolution
		{0FABDD21-6D26-45B9-AD54-FD314926E11A}.Debug|Any CPU.ActiveCfg = Debug|Any CPU
		{0FABDD21-6D26-45B9-AD54-FD314926E11A}.Debug|Any CPU.Build.0 = Debug|Any CPU
		{0FABDD21-6D26-45B9-AD54-FD314926E11A}.Release|Any CPU.ActiveCfg = Release|Any CPU
		{0FABDD21-6D26-45B9-AD54-FD314926E11A}.Release|Any CPU.Build.0 = Release|Any CPU
	EndGlobalSection
	GlobalSection(SolutionProperties) = preSolution
		HideSolutionNode = FALSE
	EndGlobalSection
	GlobalSection(ExtensibilityGlobals) = postSolution
		SolutionGuid = {7AC42F65-6453-447E-9968-A3955ABD236D}
	EndGlobalSection
EndGlobal
